
Microsoft Visual Studio Solution File, Format Version 12.00
# Visual Studio 15
VisualStudioVersion = 15.0.27130.2027
MinimumVisualStudioVersion = 10.0.40219.1
Project("{FAE04EC0-301F-11D3-BF4B-00C04F79EFBC}") = "MSUnitTest.NameSorter", "MSUnitTest.NameSorter\MSUnitTest.NameSorter.csproj", "{B5D35A66-CE1D-4DFA-B831-8D3296E49E7C}"
EndProject
Project("{FAE04EC0-301F-11D3-BF4B-00C04F79EFBC}") = "NameSorter", "NameSorter\NameSorter.csproj", "{6EB99DE5-09E5-45D9-AA8A-DEC6BFC66F68}"
EndProject
Global
	GlobalSection(SolutionConfigurationPlatforms) = preSolution
		Debug|Any CPU = Debug|Any CPU
		Release|Any CPU = Release|Any CPU
	EndGlobalSection
	GlobalSection(ProjectConfigurationPlatforms) = postSolution
		{B5D35A66-CE1D-4DFA-B831-8D3296E49E7C}.Debug|Any CPU.ActiveCfg = Debug|Any CPU
		{B5D35A66-CE1D-4DFA-B831-8D3296E49E7C}.Debug|Any CPU.Build.0 = Debug|Any CPU
		{B5D35A66-CE1D-4DFA-B831-8D3296E49E7C}.Release|Any CPU.ActiveCfg = Release|Any CPU
		{B5D35A66-CE1D-4DFA-B831-8D3296E49E7C}.Release|Any CPU.Build.0 = Release|Any CPU
		{6EB99DE5-09E5-45D9-AA8A-DEC6BFC66F68}.Debug|Any CPU.ActiveCfg = Debug|Any CPU
		{6EB99DE5-09E5-45D9-AA8A-DEC6BFC66F68}.Debug|Any CPU.Build.0 = Debug|Any CPU
		{6EB99DE5-09E5-45D9-AA8A-DEC6BFC66F68}.Release|Any CPU.ActiveCfg = Release|Any CPU
		{6EB99DE5-09E5-45D9-AA8A-DEC6BFC66F68}.Release|Any CPU.Build.0 = Release|Any CPU
	EndGlobalSection
	GlobalSection(SolutionProperties) = preSolution
		HideSolutionNode = FALSE
	EndGlobalSection
	GlobalSection(ExtensibilityGlobals) = postSolution
		SolutionGuid = {FD798F83-70D6-45FE-8D27-183962FBC47E}
	EndGlobalSection
EndGlobal
